
Microsoft Visual Studio Solution File, Format Version 12.00
# Visual Studio Version 16
VisualStudioVersion = 16.0.32228.343
MinimumVisualStudioVersion = 10.0.40219.1
Project("{9A19103F-16F7-4668-BE54-9A1E7A4F7556}") = "ProductsInventory", "ProductsInventory.csproj", "{13BD924E-4F0F-42C7-8BFF-F7C02401CD2A}"
	ProjectSection(ProjectDependencies) = postProject
		{75B99649-55C4-4FFD-9DF3-5EC5D9CC1454} = {75B99649-55C4-4FFD-9DF3-5EC5D9CC1454}
	EndProjectSection
EndProject
Project("{2150E333-8FDC-42A3-9474-1A3956D46DE8}") = "01 - Presentation", "01 - Presentation", "{693916AA-4AB1-4DFC-AD9B-0A72BA9059FF}"
EndProject
Project("{2150E333-8FDC-42A3-9474-1A3956D46DE8}") = "02 - Logic", "02 - Logic", "{9A5F2D15-2EB0-48A1-B7F6-CB7D1450C393}"
EndProject
Project("{9A19103F-16F7-4668-BE54-9A1E7A4F7556}") = "Logic", "..\Logic\Logic.csproj", "{75B99649-55C4-4FFD-9DF3-5EC5D9CC1454}"
EndProject
Project("{FAE04EC0-301F-11D3-BF4B-00C04F79EFBC}") = "Auth", "..\Auth\Auth.csproj", "{344299BA-CA9A-4E7E-87EF-471C5A8F7552}"
EndProject
Global
	GlobalSection(SolutionConfigurationPlatforms) = preSolution
		Debug|Any CPU = Debug|Any CPU
		Release|Any CPU = Release|Any CPU
	EndGlobalSection
	GlobalSection(ProjectConfigurationPlatforms) = postSolution
		{13BD924E-4F0F-42C7-8BFF-F7C02401CD2A}.Debug|Any CPU.ActiveCfg = Debug|Any CPU
		{13BD924E-4F0F-42C7-8BFF-F7C02401CD2A}.Debug|Any CPU.Build.0 = Debug|Any CPU
		{13BD924E-4F0F-42C7-8BFF-F7C02401CD2A}.Release|Any CPU.ActiveCfg = Release|Any CPU
		{13BD924E-4F0F-42C7-8BFF-F7C02401CD2A}.Release|Any CPU.Build.0 = Release|Any CPU
		{75B99649-55C4-4FFD-9DF3-5EC5D9CC1454}.Debug|Any CPU.ActiveCfg = Debug|Any CPU
		{75B99649-55C4-4FFD-9DF3-5EC5D9CC1454}.Debug|Any CPU.Build.0 = Debug|Any CPU
		{75B99649-55C4-4FFD-9DF3-5EC5D9CC1454}.Release|Any CPU.ActiveCfg = Release|Any CPU
		{75B99649-55C4-4FFD-9DF3-5EC5D9CC1454}.Release|Any CPU.Build.0 = Release|Any CPU
		{344299BA-CA9A-4E7E-87EF-471C5A8F7552}.Debug|Any CPU.ActiveCfg = Debug|Any CPU
		{344299BA-CA9A-4E7E-87EF-471C5A8F7552}.Debug|Any CPU.Build.0 = Debug|Any CPU
		{344299BA-CA9A-4E7E-87EF-471C5A8F7552}.Release|Any CPU.ActiveCfg = Release|Any CPU
		{344299BA-CA9A-4E7E-87EF-471C5A8F7552}.Release|Any CPU.Build.0 = Release|Any CPU
	EndGlobalSection
	GlobalSection(SolutionProperties) = preSolution
		HideSolutionNode = FALSE
	EndGlobalSection
	GlobalSection(NestedProjects) = preSolution
		{13BD924E-4F0F-42C7-8BFF-F7C02401CD2A} = {693916AA-4AB1-4DFC-AD9B-0A72BA9059FF}
		{75B99649-55C4-4FFD-9DF3-5EC5D9CC1454} = {9A5F2D15-2EB0-48A1-B7F6-CB7D1450C393}
		{344299BA-CA9A-4E7E-87EF-471C5A8F7552} = {9A5F2D15-2EB0-48A1-B7F6-CB7D1450C393}
	EndGlobalSection
	GlobalSection(ExtensibilityGlobals) = postSolution
		SolutionGuid = {FC13DAA0-E6E6-41AD-9841-DBC772E63245}
	EndGlobalSection
EndGlobal
